<?xml version="1.0" encoding="utf-8"?>
<Project ToolsVersion="4.0" xmlns="http://schemas.microsoft.com/developer/msbuild/2003">
  <ItemGroup>
    <Filter Include="Source Files">
      <UniqueIdentifier>{7e88cd84-16f3-4b58-b9c1-beb7bafdf6e1}</UniqueIdentifier>
      <Extensions>cpp</Extensions>
    </Filter>
    <Filter Include="Header Files">
      <UniqueIdentifier>{cff519bd-fdd7-4fa7-874c-cb6f70c3ceca}</UniqueIdentifier>
      <Extensions>h</Extensions>
    </Filter>
    <Filter Include="range">
      <UniqueIdentifier>{afbad772-5628-4d7f-bb4a-19b9afd2dcfe}</UniqueIdentifier>
    </Filter>
  </ItemGroup>
  <ItemGroup>
    <ClInclude Include="algxll.h">
      <Filter>Header Files</Filter>
    </ClInclude>
    <ClInclude Include="..\alglib-3.6.0.cpp\cpp\src\optimization.h">
      <Filter>Header Files</Filter>
    </ClInclude>
  </ItemGroup>
  <ItemGroup>
    <ClCompile Include="algxll.cpp">
      <Filter>Source Files</Filter>
    </ClCompile>
    <ClCompile Include="..\alglib-3.6.0.cpp\cpp\src\optimization.cpp">
      <Filter>Source Files</Filter>
    </ClCompile>
    <ClCompile Include="xlloptimization.cpp">
      <Filter>Source Files</Filter>
    </ClCompile>
    <ClCompile Include="..\alglib-3.6.0.cpp\cpp\src\ap.cpp">
      <Filter>Source Files</Filter>
    </ClCompile>
    <ClCompile Include="..\alglib-3.6.0.cpp\cpp\src\alglibinternal.cpp">
      <Filter>Source Files</Filter>
    </ClCompile>
    <ClCompile Include="..\alglib-3.6.0.cpp\cpp\src\linalg.cpp">
      <Filter>Source Files</Filter>
    </ClCompile>
    <ClCompile Include="..\alglib-3.6.0.cpp\cpp\src\alglibmisc.cpp">
      <Filter>Source Files</Filter>
    </ClCompile>
  </ItemGroup>
</Project>